// !$*UTF8*$!
{
	archiveVersion = 1;
	classes = {
	};
	objectVersion = 56;
	objects = {

/* Begin PBXBuildFile section */
		4329314528DBD39F003FA4EF /* AroundMeData.swift in Sources */ = {isa = PBXBuildFile; fileRef = 4329314428DBD39F003FA4EF /* AroundMeData.swift */; };
		4329314728DBD403003FA4EF /* SettingsData.swift in Sources */ = {isa = PBXBuildFile; fileRef = 4329314628DBD403003FA4EF /* SettingsData.swift */; };
		4329314928DBD468003FA4EF /* MyPetsViewModel.swift in Sources */ = {isa = PBXBuildFile; fileRef = 4329314828DBD468003FA4EF /* MyPetsViewModel.swift */; };
		4329314B28DBD71A003FA4EF /* MessageViewModel.swift in Sources */ = {isa = PBXBuildFile; fileRef = 4329314A28DBD71A003FA4EF /* MessageViewModel.swift */; };
		4333CB2F28DA93C800857AD0 /* Message.swift in Sources */ = {isa = PBXBuildFile; fileRef = 4333CB2E28DA93C800857AD0 /* Message.swift */; };
		433D262628D8236C00746B11 /* Pet.swift in Sources */ = {isa = PBXBuildFile; fileRef = 433D262528D8236C00746B11 /* Pet.swift */; };
		433D262E28D8AB8E00746B11 /* PetFinderTests.swift in Sources */ = {isa = PBXBuildFile; fileRef = 433D262D28D8AB8E00746B11 /* PetFinderTests.swift */; };
		433D263B28D8C9CD00746B11 /* User.swift in Sources */ = {isa = PBXBuildFile; fileRef = 433D263A28D8C9CD00746B11 /* User.swift */; };
		434F276E28E90AA000A83C4C /* LocationManager.swift in Sources */ = {isa = PBXBuildFile; fileRef = 434F276D28E90AA000A83C4C /* LocationManager.swift */; };
		4350361528D8062D00BDE92E /* PetFinderApp.swift in Sources */ = {isa = PBXBuildFile; fileRef = 4350361428D8062D00BDE92E /* PetFinderApp.swift */; };
		4350361728D8062D00BDE92E /* WelcomeView.swift in Sources */ = {isa = PBXBuildFile; fileRef = 4350361628D8062D00BDE92E /* WelcomeView.swift */; };
		4350361928D8062E00BDE92E /* Assets.xcassets in Resources */ = {isa = PBXBuildFile; fileRef = 4350361828D8062E00BDE92E /* Assets.xcassets */; };
		4350361C28D8062E00BDE92E /* Preview Assets.xcassets in Resources */ = {isa = PBXBuildFile; fileRef = 4350361B28D8062E00BDE92E /* Preview Assets.xcassets */; };
		435509D528E1E16E007FB344 /* PetData.swift in Sources */ = {isa = PBXBuildFile; fileRef = 435509D428E1E16E007FB344 /* PetData.swift */; };
		435509D728E24A3C007FB344 /* AroundMeTests.swift in Sources */ = {isa = PBXBuildFile; fileRef = 435509D628E24A3C007FB344 /* AroundMeTests.swift */; };
		435509D928E39C1C007FB344 /* Model.swift in Sources */ = {isa = PBXBuildFile; fileRef = 435509D828E39C1C007FB344 /* Model.swift */; };
		435509DC28E3A0DC007FB344 /* CloudStatusView.swift in Sources */ = {isa = PBXBuildFile; fileRef = 435509DB28E3A0DC007FB344 /* CloudStatusView.swift */; };
		43AD5A0128EA7C9B006A856A /* CLAuthorizationView.swift in Sources */ = {isa = PBXBuildFile; fileRef = 43AD5A0028EA7C9B006A856A /* CLAuthorizationView.swift */; };
		43AD5A0328EA7DFD006A856A /* CLErrorView.swift in Sources */ = {isa = PBXBuildFile; fileRef = 43AD5A0228EA7DFD006A856A /* CLErrorView.swift */; };
		43C61AA228DAB5D0001D3E51 /* AroundMeView.swift in Sources */ = {isa = PBXBuildFile; fileRef = 43C61AA128DAB5D0001D3E51 /* AroundMeView.swift */; };
		43C61AA428DAB5F3001D3E51 /* MyPetsView.swift in Sources */ = {isa = PBXBuildFile; fileRef = 43C61AA328DAB5F3001D3E51 /* MyPetsView.swift */; };
		43C61AA628DAB64D001D3E51 /* SettingsView.swift in Sources */ = {isa = PBXBuildFile; fileRef = 43C61AA528DAB64D001D3E51 /* SettingsView.swift */; };
		43D352E028DABC3A0036E80F /* PetCardView.swift in Sources */ = {isa = PBXBuildFile; fileRef = 43D352DF28DABC3A0036E80F /* PetCardView.swift */; };
		43D352E528DAC2E40036E80F /* PreviewMockedData.swift in Sources */ = {isa = PBXBuildFile; fileRef = 43D352E428DAC2E40036E80F /* PreviewMockedData.swift */; };
		43D352E928DB78370036E80F /* PetCardListView.swift in Sources */ = {isa = PBXBuildFile; fileRef = 43D352E828DB78370036E80F /* PetCardListView.swift */; };
/* End PBXBuildFile section */

/* Begin PBXContainerItemProxy section */
		433D262F28D8AB8E00746B11 /* PBXContainerItemProxy */ = {
			isa = PBXContainerItemProxy;
			containerPortal = 4350360928D8062D00BDE92E /* Project object */;
			proxyType = 1;
			remoteGlobalIDString = 4350361028D8062D00BDE92E;
			remoteInfo = PetFinder;
		};
/* End PBXContainerItemProxy section */

/* Begin PBXFileReference section */
		4329314428DBD39F003FA4EF /* AroundMeData.swift */ = {isa = PBXFileReference; lastKnownFileType = sourcecode.swift; path = AroundMeData.swift; sourceTree = "<group>"; };
		4329314628DBD403003FA4EF /* SettingsData.swift */ = {isa = PBXFileReference; lastKnownFileType = sourcecode.swift; path = SettingsData.swift; sourceTree = "<group>"; };
		4329314828DBD468003FA4EF /* MyPetsViewModel.swift */ = {isa = PBXFileReference; lastKnownFileType = sourcecode.swift; path = MyPetsViewModel.swift; sourceTree = "<group>"; };
		4329314A28DBD71A003FA4EF /* MessageViewModel.swift */ = {isa = PBXFileReference; lastKnownFileType = sourcecode.swift; path = MessageViewModel.swift; sourceTree = "<group>"; };
		4333CB2E28DA93C800857AD0 /* Message.swift */ = {isa = PBXFileReference; lastKnownFileType = sourcecode.swift; path = Message.swift; sourceTree = "<group>"; };
		433D262428D8095E00746B11 /* PetFinder.entitlements */ = {isa = PBXFileReference; lastKnownFileType = text.plist.entitlements; path = PetFinder.entitlements; sourceTree = "<group>"; };
		433D262528D8236C00746B11 /* Pet.swift */ = {isa = PBXFileReference; lastKnownFileType = sourcecode.swift; path = Pet.swift; sourceTree = "<group>"; };
		433D262B28D8AB8E00746B11 /* PetFinderTests.xctest */ = {isa = PBXFileReference; explicitFileType = wrapper.cfbundle; includeInIndex = 0; path = PetFinderTests.xctest; sourceTree = BUILT_PRODUCTS_DIR; };
		433D262D28D8AB8E00746B11 /* PetFinderTests.swift */ = {isa = PBXFileReference; lastKnownFileType = sourcecode.swift; path = PetFinderTests.swift; sourceTree = "<group>"; };
		433D263A28D8C9CD00746B11 /* User.swift */ = {isa = PBXFileReference; lastKnownFileType = sourcecode.swift; path = User.swift; sourceTree = "<group>"; };
		434F276D28E90AA000A83C4C /* LocationManager.swift */ = {isa = PBXFileReference; lastKnownFileType = sourcecode.swift; path = LocationManager.swift; sourceTree = "<group>"; };
		4350361128D8062D00BDE92E /* PetFinder.app */ = {isa = PBXFileReference; explicitFileType = wrapper.application; includeInIndex = 0; path = PetFinder.app; sourceTree = BUILT_PRODUCTS_DIR; };
		4350361428D8062D00BDE92E /* PetFinderApp.swift */ = {isa = PBXFileReference; lastKnownFileType = sourcecode.swift; path = PetFinderApp.swift; sourceTree = "<group>"; };
		4350361628D8062D00BDE92E /* WelcomeView.swift */ = {isa = PBXFileReference; lastKnownFileType = sourcecode.swift; path = WelcomeView.swift; sourceTree = "<group>"; };
		4350361828D8062E00BDE92E /* Assets.xcassets */ = {isa = PBXFileReference; lastKnownFileType = folder.assetcatalog; path = Assets.xcassets; sourceTree = "<group>"; };
		4350361B28D8062E00BDE92E /* Preview Assets.xcassets */ = {isa = PBXFileReference; lastKnownFileType = folder.assetcatalog; path = "Preview Assets.xcassets"; sourceTree = "<group>"; };
		435509D428E1E16E007FB344 /* PetData.swift */ = {isa = PBXFileReference; lastKnownFileType = sourcecode.swift; path = PetData.swift; sourceTree = "<group>"; };
		435509D628E24A3C007FB344 /* AroundMeTests.swift */ = {isa = PBXFileReference; lastKnownFileType = sourcecode.swift; path = AroundMeTests.swift; sourceTree = "<group>"; };
		435509D828E39C1C007FB344 /* Model.swift */ = {isa = PBXFileReference; lastKnownFileType = sourcecode.swift; path = Model.swift; sourceTree = "<group>"; };
		435509DB28E3A0DC007FB344 /* CloudStatusView.swift */ = {isa = PBXFileReference; lastKnownFileType = sourcecode.swift; path = CloudStatusView.swift; sourceTree = "<group>"; };
		43AD5A0028EA7C9B006A856A /* CLAuthorizationView.swift */ = {isa = PBXFileReference; lastKnownFileType = sourcecode.swift; path = CLAuthorizationView.swift; sourceTree = "<group>"; };
		43AD5A0228EA7DFD006A856A /* CLErrorView.swift */ = {isa = PBXFileReference; lastKnownFileType = sourcecode.swift; path = CLErrorView.swift; sourceTree = "<group>"; };
		43C61AA128DAB5D0001D3E51 /* AroundMeView.swift */ = {isa = PBXFileReference; lastKnownFileType = sourcecode.swift; path = AroundMeView.swift; sourceTree = "<group>"; };
		43C61AA328DAB5F3001D3E51 /* MyPetsView.swift */ = {isa = PBXFileReference; lastKnownFileType = sourcecode.swift; path = MyPetsView.swift; sourceTree = "<group>"; };
		43C61AA528DAB64D001D3E51 /* SettingsView.swift */ = {isa = PBXFileReference; lastKnownFileType = sourcecode.swift; path = SettingsView.swift; sourceTree = "<group>"; };
		43D352DF28DABC3A0036E80F /* PetCardView.swift */ = {isa = PBXFileReference; lastKnownFileType = sourcecode.swift; path = PetCardView.swift; sourceTree = "<group>"; };
		43D352E428DAC2E40036E80F /* PreviewMockedData.swift */ = {isa = PBXFileReference; lastKnownFileType = sourcecode.swift; path = PreviewMockedData.swift; sourceTree = "<group>"; };
		43D352E828DB78370036E80F /* PetCardListView.swift */ = {isa = PBXFileReference; lastKnownFileType = sourcecode.swift; path = PetCardListView.swift; sourceTree = "<group>"; };
/* End PBXFileReference section */

/* Begin PBXFrameworksBuildPhase section */
		433D262828D8AB8E00746B11 /* Frameworks */ = {
			isa = PBXFrameworksBuildPhase;
			buildActionMask = 2147483647;
			files = (
			);
			runOnlyForDeploymentPostprocessing = 0;
		};
		4350360E28D8062D00BDE92E /* Frameworks */ = {
			isa = PBXFrameworksBuildPhase;
			buildActionMask = 2147483647;
			files = (
			);
			runOnlyForDeploymentPostprocessing = 0;
		};
/* End PBXFrameworksBuildPhase section */

/* Begin PBXGroup section */
		4329314C28DBD7C6003FA4EF /* ViewModel */ = {
			isa = PBXGroup;
			children = (
				4329314828DBD468003FA4EF /* MyPetsViewModel.swift */,
				4329314A28DBD71A003FA4EF /* MessageViewModel.swift */,
			);
			path = ViewModel;
			sourceTree = "<group>";
		};
		433D262C28D8AB8E00746B11 /* PetFinderTests */ = {
			isa = PBXGroup;
			children = (
				433D262D28D8AB8E00746B11 /* PetFinderTests.swift */,
				435509D628E24A3C007FB344 /* AroundMeTests.swift */,
			);
			path = PetFinderTests;
			sourceTree = "<group>";
		};
		433D263428D8B1AD00746B11 /* Model */ = {
			isa = PBXGroup;
			children = (
				435509D828E39C1C007FB344 /* Model.swift */,
				434F276D28E90AA000A83C4C /* LocationManager.swift */,
				433D263A28D8C9CD00746B11 /* User.swift */,
				433D262528D8236C00746B11 /* Pet.swift */,
				4333CB2E28DA93C800857AD0 /* Message.swift */,
				435509D428E1E16E007FB344 /* PetData.swift */,
				4329314428DBD39F003FA4EF /* AroundMeData.swift */,
				4329314628DBD403003FA4EF /* SettingsData.swift */,
			);
			path = Model;
			sourceTree = "<group>";
		};
		4350360828D8062D00BDE92E = {
			isa = PBXGroup;
			children = (
				4350361328D8062D00BDE92E /* PetFinder */,
				433D262C28D8AB8E00746B11 /* PetFinderTests */,
				4350361228D8062D00BDE92E /* Products */,
			);
			sourceTree = "<group>";
		};
		4350361228D8062D00BDE92E /* Products */ = {
			isa = PBXGroup;
			children = (
				4350361128D8062D00BDE92E /* PetFinder.app */,
				433D262B28D8AB8E00746B11 /* PetFinderTests.xctest */,
			);
			name = Products;
			sourceTree = "<group>";
		};
		4350361328D8062D00BDE92E /* PetFinder */ = {
			isa = PBXGroup;
			children = (
				433D262428D8095E00746B11 /* PetFinder.entitlements */,
				4350361428D8062D00BDE92E /* PetFinderApp.swift */,
				4329314C28DBD7C6003FA4EF /* ViewModel */,
				433D263428D8B1AD00746B11 /* Model */,
				435509DA28E3A0A5007FB344 /* Components */,
				43D352DD28DABB900036E80F /* PetCardList */,
				43C61AA128DAB5D0001D3E51 /* AroundMeView.swift */,
				43C61AA328DAB5F3001D3E51 /* MyPetsView.swift */,
				43C61AA528DAB64D001D3E51 /* SettingsView.swift */,
				4350361628D8062D00BDE92E /* WelcomeView.swift */,
				43C61A9F28DAB138001D3E51 /* Resources */,
			);
			path = PetFinder;
			sourceTree = "<group>";
		};
		4350361A28D8062E00BDE92E /* Preview Content */ = {
			isa = PBXGroup;
			children = (
				43D352E428DAC2E40036E80F /* PreviewMockedData.swift */,
				4350361B28D8062E00BDE92E /* Preview Assets.xcassets */,
			);
			path = "Preview Content";
			sourceTree = "<group>";
		};
		435509DA28E3A0A5007FB344 /* Components */ = {
			isa = PBXGroup;
			children = (
				435509DB28E3A0DC007FB344 /* CloudStatusView.swift */,
				43AD5A0028EA7C9B006A856A /* CLAuthorizationView.swift */,
				43AD5A0228EA7DFD006A856A /* CLErrorView.swift */,
			);
			path = Components;
			sourceTree = "<group>";
		};
		43C61A9F28DAB138001D3E51 /* Resources */ = {
			isa = PBXGroup;
			children = (
				4350361A28D8062E00BDE92E /* Preview Content */,
				4350361828D8062E00BDE92E /* Assets.xcassets */,
			);
			path = Resources;
			sourceTree = "<group>";
		};
		43D352DD28DABB900036E80F /* PetCardList */ = {
			isa = PBXGroup;
			children = (
				43D352DF28DABC3A0036E80F /* PetCardView.swift */,
				43D352E828DB78370036E80F /* PetCardListView.swift */,
			);
			path = PetCardList;
			sourceTree = "<group>";
		};
/* End PBXGroup section */

/* Begin PBXNativeTarget section */
		433D262A28D8AB8E00746B11 /* PetFinderTests */ = {
			isa = PBXNativeTarget;
			buildConfigurationList = 433D263128D8AB8E00746B11 /* Build configuration list for PBXNativeTarget "PetFinderTests" */;
			buildPhases = (
				433D262728D8AB8E00746B11 /* Sources */,
				433D262828D8AB8E00746B11 /* Frameworks */,
				433D262928D8AB8E00746B11 /* Resources */,
			);
			buildRules = (
			);
			dependencies = (
				433D263028D8AB8E00746B11 /* PBXTargetDependency */,
			);
			name = PetFinderTests;
			productName = PetFinderTests;
			productReference = 433D262B28D8AB8E00746B11 /* PetFinderTests.xctest */;
			productType = "com.apple.product-type.bundle.unit-test";
		};
		4350361028D8062D00BDE92E /* PetFinder */ = {
			isa = PBXNativeTarget;
			buildConfigurationList = 4350361F28D8062E00BDE92E /* Build configuration list for PBXNativeTarget "PetFinder" */;
			buildPhases = (
				4350360D28D8062D00BDE92E /* Sources */,
				4350360E28D8062D00BDE92E /* Frameworks */,
				4350360F28D8062D00BDE92E /* Resources */,
			);
			buildRules = (
			);
			dependencies = (
			);
			name = PetFinder;
			productName = PetFinder;
			productReference = 4350361128D8062D00BDE92E /* PetFinder.app */;
			productType = "com.apple.product-type.application";
		};
/* End PBXNativeTarget section */

/* Begin PBXProject section */
		4350360928D8062D00BDE92E /* Project object */ = {
			isa = PBXProject;
			attributes = {
				BuildIndependentTargetsInParallel = 1;
				LastSwiftUpdateCheck = 1400;
				LastUpgradeCheck = 1400;
				TargetAttributes = {
					433D262A28D8AB8E00746B11 = {
						CreatedOnToolsVersion = 14.0;
						TestTargetID = 4350361028D8062D00BDE92E;
					};
					4350361028D8062D00BDE92E = {
						CreatedOnToolsVersion = 14.0;
					};
				};
			};
			buildConfigurationList = 4350360C28D8062D00BDE92E /* Build configuration list for PBXProject "PetFinder" */;
			compatibilityVersion = "Xcode 14.0";
			developmentRegion = en;
			hasScannedForEncodings = 0;
			knownRegions = (
				en,
				Base,
			);
			mainGroup = 4350360828D8062D00BDE92E;
			productRefGroup = 4350361228D8062D00BDE92E /* Products */;
			projectDirPath = "";
			projectRoot = "";
			targets = (
				4350361028D8062D00BDE92E /* PetFinder */,
				433D262A28D8AB8E00746B11 /* PetFinderTests */,
			);
		};
/* End PBXProject section */

/* Begin PBXResourcesBuildPhase section */
		433D262928D8AB8E00746B11 /* Resources */ = {
			isa = PBXResourcesBuildPhase;
			buildActionMask = 2147483647;
			files = (
			);
			runOnlyForDeploymentPostprocessing = 0;
		};
		4350360F28D8062D00BDE92E /* Resources */ = {
			isa = PBXResourcesBuildPhase;
			buildActionMask = 2147483647;
			files = (
				4350361C28D8062E00BDE92E /* Preview Assets.xcassets in Resources */,
				4350361928D8062E00BDE92E /* Assets.xcassets in Resources */,
			);
			runOnlyForDeploymentPostprocessing = 0;
		};
/* End PBXResourcesBuildPhase section */

/* Begin PBXSourcesBuildPhase section */
		433D262728D8AB8E00746B11 /* Sources */ = {
			isa = PBXSourcesBuildPhase;
			buildActionMask = 2147483647;
			files = (
				435509D728E24A3C007FB344 /* AroundMeTests.swift in Sources */,
				433D262E28D8AB8E00746B11 /* PetFinderTests.swift in Sources */,
			);
			runOnlyForDeploymentPostprocessing = 0;
		};
		4350360D28D8062D00BDE92E /* Sources */ = {
			isa = PBXSourcesBuildPhase;
			buildActionMask = 2147483647;
			files = (
				433D262628D8236C00746B11 /* Pet.swift in Sources */,
				433D263B28D8C9CD00746B11 /* User.swift in Sources */,
				4350361728D8062D00BDE92E /* WelcomeView.swift in Sources */,
				43D352E028DABC3A0036E80F /* PetCardView.swift in Sources */,
				435509DC28E3A0DC007FB344 /* CloudStatusView.swift in Sources */,
				43C61AA428DAB5F3001D3E51 /* MyPetsView.swift in Sources */,
				43D352E528DAC2E40036E80F /* PreviewMockedData.swift in Sources */,
				43C61AA228DAB5D0001D3E51 /* AroundMeView.swift in Sources */,
				4329314728DBD403003FA4EF /* SettingsData.swift in Sources */,
				43AD5A0328EA7DFD006A856A /* CLErrorView.swift in Sources */,
				435509D928E39C1C007FB344 /* Model.swift in Sources */,
				4329314528DBD39F003FA4EF /* AroundMeData.swift in Sources */,
				434F276E28E90AA000A83C4C /* LocationManager.swift in Sources */,
				4329314B28DBD71A003FA4EF /* MessageViewModel.swift in Sources */,
				4333CB2F28DA93C800857AD0 /* Message.swift in Sources */,
				43D352E928DB78370036E80F /* PetCardListView.swift in Sources */,
				43AD5A0128EA7C9B006A856A /* CLAuthorizationView.swift in Sources */,
				435509D528E1E16E007FB344 /* PetData.swift in Sources */,
				4350361528D8062D00BDE92E /* PetFinderApp.swift in Sources */,
				43C61AA628DAB64D001D3E51 /* SettingsView.swift in Sources */,
				4329314928DBD468003FA4EF /* MyPetsViewModel.swift in Sources */,
			);
			runOnlyForDeploymentPostprocessing = 0;
		};
/* End PBXSourcesBuildPhase section */

/* Begin PBXTargetDependency section */
		433D263028D8AB8E00746B11 /* PBXTargetDependency */ = {
			isa = PBXTargetDependency;
			target = 4350361028D8062D00BDE92E /* PetFinder */;
			targetProxy = 433D262F28D8AB8E00746B11 /* PBXContainerItemProxy */;
		};
/* End PBXTargetDependency section */

/* Begin XCBuildConfiguration section */
		433D263228D8AB8E00746B11 /* Debug */ = {
			isa = XCBuildConfiguration;
			buildSettings = {
				BUNDLE_LOADER = "$(TEST_HOST)";
				CODE_SIGN_STYLE = Automatic;
				CURRENT_PROJECT_VERSION = 1;
				DEVELOPMENT_TEAM = W8A2PVHCN3;
				GENERATE_INFOPLIST_FILE = YES;
				IPHONEOS_DEPLOYMENT_TARGET = 16.0;
				MACOSX_DEPLOYMENT_TARGET = 12.3;
				MARKETING_VERSION = 1.0;
				PRODUCT_BUNDLE_IDENTIFIER = fr.hludovic.PetFinderTests;
				PRODUCT_NAME = "$(TARGET_NAME)";
				SDKROOT = auto;
				SUPPORTED_PLATFORMS = "iphoneos iphonesimulator macosx";
				SWIFT_EMIT_LOC_STRINGS = NO;
				SWIFT_VERSION = 5.0;
				TARGETED_DEVICE_FAMILY = "1,2";
				TEST_HOST = "$(BUILT_PRODUCTS_DIR)/PetFinder.app/$(BUNDLE_EXECUTABLE_FOLDER_PATH)/PetFinder";
			};
			name = Debug;
		};
		433D263328D8AB8E00746B11 /* Release */ = {
			isa = XCBuildConfiguration;
			buildSettings = {
				BUNDLE_LOADER = "$(TEST_HOST)";
				CODE_SIGN_STYLE = Automatic;
				CURRENT_PROJECT_VERSION = 1;
				DEVELOPMENT_TEAM = W8A2PVHCN3;
				GENERATE_INFOPLIST_FILE = YES;
				IPHONEOS_DEPLOYMENT_TARGET = 16.0;
				MACOSX_DEPLOYMENT_TARGET = 12.3;
				MARKETING_VERSION = 1.0;
				PRODUCT_BUNDLE_IDENTIFIER = fr.hludovic.PetFinderTests;
				PRODUCT_NAME = "$(TARGET_NAME)";
				SDKROOT = auto;
				SUPPORTED_PLATFORMS = "iphoneos iphonesimulator macosx";
				SWIFT_EMIT_LOC_STRINGS = NO;
				SWIFT_VERSION = 5.0;
				TARGETED_DEVICE_FAMILY = "1,2";
				TEST_HOST = "$(BUILT_PRODUCTS_DIR)/PetFinder.app/$(BUNDLE_EXECUTABLE_FOLDER_PATH)/PetFinder";
			};
			name = Release;
		};
		4350361D28D8062E00BDE92E /* Debug */ = {
			isa = XCBuildConfiguration;
			buildSettings = {
				ALWAYS_SEARCH_USER_PATHS = NO;
				CLANG_ANALYZER_NONNULL = YES;
				CLANG_ANALYZER_NUMBER_OBJECT_CONVERSION = YES_AGGRESSIVE;
				CLANG_CXX_LANGUAGE_STANDARD = "gnu++20";
				CLANG_ENABLE_MODULES = YES;
				CLANG_ENABLE_OBJC_ARC = YES;
				CLANG_ENABLE_OBJC_WEAK = YES;
				CLANG_WARN_BLOCK_CAPTURE_AUTORELEASING = YES;
				CLANG_WARN_BOOL_CONVERSION = YES;
				CLANG_WARN_COMMA = YES;
				CLANG_WARN_CONSTANT_CONVERSION = YES;
				CLANG_WARN_DEPRECATED_OBJC_IMPLEMENTATIONS = YES;
				CLANG_WARN_DIRECT_OBJC_ISA_USAGE = YES_ERROR;
				CLANG_WARN_DOCUMENTATION_COMMENTS = YES;
				CLANG_WARN_EMPTY_BODY = YES;
				CLANG_WARN_ENUM_CONVERSION = YES;
				CLANG_WARN_INFINITE_RECURSION = YES;
				CLANG_WARN_INT_CONVERSION = YES;
				CLANG_WARN_NON_LITERAL_NULL_CONVERSION = YES;
				CLANG_WARN_OBJC_IMPLICIT_RETAIN_SELF = YES;
				CLANG_WARN_OBJC_LITERAL_CONVERSION = YES;
				CLANG_WARN_OBJC_ROOT_CLASS = YES_ERROR;
				CLANG_WARN_QUOTED_INCLUDE_IN_FRAMEWORK_HEADER = YES;
				CLANG_WARN_RANGE_LOOP_ANALYSIS = YES;
				CLANG_WARN_STRICT_PROTOTYPES = YES;
				CLANG_WARN_SUSPICIOUS_MOVE = YES;
				CLANG_WARN_UNGUARDED_AVAILABILITY = YES_AGGRESSIVE;
				CLANG_WARN_UNREACHABLE_CODE = YES;
				CLANG_WARN__DUPLICATE_METHOD_MATCH = YES;
				COPY_PHASE_STRIP = NO;
				DEBUG_INFORMATION_FORMAT = dwarf;
				ENABLE_STRICT_OBJC_MSGSEND = YES;
				ENABLE_TESTABILITY = YES;
				GCC_C_LANGUAGE_STANDARD = gnu11;
				GCC_DYNAMIC_NO_PIC = NO;
				GCC_NO_COMMON_BLOCKS = YES;
				GCC_OPTIMIZATION_LEVEL = 0;
				GCC_PREPROCESSOR_DEFINITIONS = (
					"DEBUG=1",
					"$(inherited)",
				);
				GCC_WARN_64_TO_32_BIT_CONVERSION = YES;
				GCC_WARN_ABOUT_RETURN_TYPE = YES_ERROR;
				GCC_WARN_UNDECLARED_SELECTOR = YES;
				GCC_WARN_UNINITIALIZED_AUTOS = YES_AGGRESSIVE;
				GCC_WARN_UNUSED_FUNCTION = YES;
				GCC_WARN_UNUSED_VARIABLE = YES;
				IPHONEOS_DEPLOYMENT_TARGET = 16.0;
				MTL_ENABLE_DEBUG_INFO = INCLUDE_SOURCE;
				MTL_FAST_MATH = YES;
				ONLY_ACTIVE_ARCH = YES;
				SDKROOT = iphoneos;
				SWIFT_ACTIVE_COMPILATION_CONDITIONS = DEBUG;
				SWIFT_OPTIMIZATION_LEVEL = "-Onone";
			};
			name = Debug;
		};
		4350361E28D8062E00BDE92E /* Release */ = {
			isa = XCBuildConfiguration;
			buildSettings = {
				ALWAYS_SEARCH_USER_PATHS = NO;
				CLANG_ANALYZER_NONNULL = YES;
				CLANG_ANALYZER_NUMBER_OBJECT_CONVERSION = YES_AGGRESSIVE;
				CLANG_CXX_LANGUAGE_STANDARD = "gnu++20";
				CLANG_ENABLE_MODULES = YES;
				CLANG_ENABLE_OBJC_ARC = YES;
				CLANG_ENABLE_OBJC_WEAK = YES;
				CLANG_WARN_BLOCK_CAPTURE_AUTORELEASING = YES;
				CLANG_WARN_BOOL_CONVERSION = YES;
				CLANG_WARN_COMMA = YES;
				CLANG_WARN_CONSTANT_CONVERSION = YES;
				CLANG_WARN_DEPRECATED_OBJC_IMPLEMENTATIONS = YES;
				CLANG_WARN_DIRECT_OBJC_ISA_USAGE = YES_ERROR;
				CLANG_WARN_DOCUMENTATION_COMMENTS = YES;
				CLANG_WARN_EMPTY_BODY = YES;
				CLANG_WARN_ENUM_CONVERSION = YES;
				CLANG_WARN_INFINITE_RECURSION = YES;
				CLANG_WARN_INT_CONVERSION = YES;
				CLANG_WARN_NON_LITERAL_NULL_CONVERSION = YES;
				CLANG_WARN_OBJC_IMPLICIT_RETAIN_SELF = YES;
				CLANG_WARN_OBJC_LITERAL_CONVERSION = YES;
				CLANG_WARN_OBJC_ROOT_CLASS = YES_ERROR;
				CLANG_WARN_QUOTED_INCLUDE_IN_FRAMEWORK_HEADER = YES;
				CLANG_WARN_RANGE_LOOP_ANALYSIS = YES;
				CLANG_WARN_STRICT_PROTOTYPES = YES;
				CLANG_WARN_SUSPICIOUS_MOVE = YES;
				CLANG_WARN_UNGUARDED_AVAILABILITY = YES_AGGRESSIVE;
				CLANG_WARN_UNREACHABLE_CODE = YES;
				CLANG_WARN__DUPLICATE_METHOD_MATCH = YES;
				COPY_PHASE_STRIP = NO;
				DEBUG_INFORMATION_FORMAT = "dwarf-with-dsym";
				ENABLE_NS_ASSERTIONS = NO;
				ENABLE_STRICT_OBJC_MSGSEND = YES;
				GCC_C_LANGUAGE_STANDARD = gnu11;
				GCC_NO_COMMON_BLOCKS = YES;
				GCC_WARN_64_TO_32_BIT_CONVERSION = YES;
				GCC_WARN_ABOUT_RETURN_TYPE = YES_ERROR;
				GCC_WARN_UNDECLARED_SELECTOR = YES;
				GCC_WARN_UNINITIALIZED_AUTOS = YES_AGGRESSIVE;
				GCC_WARN_UNUSED_FUNCTION = YES;
				GCC_WARN_UNUSED_VARIABLE = YES;
				IPHONEOS_DEPLOYMENT_TARGET = 16.0;
				MTL_ENABLE_DEBUG_INFO = NO;
				MTL_FAST_MATH = YES;
				SDKROOT = iphoneos;
				SWIFT_COMPILATION_MODE = wholemodule;
				SWIFT_OPTIMIZATION_LEVEL = "-O";
				VALIDATE_PRODUCT = YES;
			};
			name = Release;
		};
		4350362028D8062E00BDE92E /* Debug */ = {
			isa = XCBuildConfiguration;
			buildSettings = {
				ASSETCATALOG_COMPILER_APPICON_NAME = AppIcon;
				ASSETCATALOG_COMPILER_GLOBAL_ACCENT_COLOR_NAME = AccentColor;
				CODE_SIGN_ENTITLEMENTS = PetFinder/PetFinder.entitlements;
				CODE_SIGN_STYLE = Automatic;
				CURRENT_PROJECT_VERSION = 1;
				DEVELOPMENT_ASSET_PATHS = "PetFinder/Resources/Preview\\ Content/PreviewMockedData.swift PetFinder/Resources/Preview\\ Content";
				DEVELOPMENT_TEAM = W8A2PVHCN3;
				ENABLE_PREVIEWS = YES;
				GENERATE_INFOPLIST_FILE = YES;
				INFOPLIST_KEY_NSLocationWhenInUseUsageDescription = "We need the location";
				INFOPLIST_KEY_UIApplicationSceneManifest_Generation = YES;
				INFOPLIST_KEY_UIApplicationSupportsIndirectInputEvents = YES;
				INFOPLIST_KEY_UILaunchScreen_Generation = YES;
				INFOPLIST_KEY_UISupportedInterfaceOrientations_iPad = "UIInterfaceOrientationPortrait UIInterfaceOrientationPortraitUpsideDown UIInterfaceOrientationLandscapeLeft UIInterfaceOrientationLandscapeRight";
				INFOPLIST_KEY_UISupportedInterfaceOrientations_iPhone = "UIInterfaceOrientationPortrait UIInterfaceOrientationLandscapeLeft UIInterfaceOrientationLandscapeRight";
				LD_RUNPATH_SEARCH_PATHS = (
					"$(inherited)",
					"@executable_path/Frameworks",
				);
				MARKETING_VERSION = 1.0;
				PRODUCT_BUNDLE_IDENTIFIER = fr.hludovic.PetFinder;
				PRODUCT_NAME = "$(TARGET_NAME)";
				SWIFT_EMIT_LOC_STRINGS = YES;
				SWIFT_VERSION = 5.0;
				TARGETED_DEVICE_FAMILY = "1,2";
			};
			name = Debug;
		};
		4350362128D8062E00BDE92E /* Release */ = {
			isa = XCBuildConfiguration;
			buildSettings = {
				ASSETCATALOG_COMPILER_APPICON_NAME = AppIcon;
				ASSETCATALOG_COMPILER_GLOBAL_ACCENT_COLOR_NAME = AccentColor;
				CODE_SIGN_ENTITLEMENTS = PetFinder/PetFinder.entitlements;
				CODE_SIGN_STYLE = Automatic;
				CURRENT_PROJECT_VERSION = 1;
				DEVELOPMENT_ASSET_PATHS = "PetFinder/Resources/Preview\\ Content/PreviewMockedData.swift PetFinder/Resources/Preview\\ Content";
				DEVELOPMENT_TEAM = W8A2PVHCN3;
				ENABLE_PREVIEWS = YES;
				GENERATE_INFOPLIST_FILE = YES;
				INFOPLIST_KEY_NSLocationWhenInUseUsageDescription = "We need the location";
				INFOPLIST_KEY_UIApplicationSceneManifest_Generation = YES;
				INFOPLIST_KEY_UIApplicationSupportsIndirectInputEvents = YES;
				INFOPLIST_KEY_UILaunchScreen_Generation = YES;
				INFOPLIST_KEY_UISupportedInterfaceOrientations_iPad = "UIInterfaceOrientationPortrait UIInterfaceOrientationPortraitUpsideDown UIInterfaceOrientationLandscapeLeft UIInterfaceOrientationLandscapeRight";
				INFOPLIST_KEY_UISupportedInterfaceOrientations_iPhone = "UIInterfaceOrientationPortrait UIInterfaceOrientationLandscapeLeft UIInterfaceOrientationLandscapeRight";
				LD_RUNPATH_SEARCH_PATHS = (
					"$(inherited)",
					"@executable_path/Frameworks",
				);
				MARKETING_VERSION = 1.0;
				PRODUCT_BUNDLE_IDENTIFIER = fr.hludovic.PetFinder;
				PRODUCT_NAME = "$(TARGET_NAME)";
				SWIFT_EMIT_LOC_STRINGS = YES;
				SWIFT_VERSION = 5.0;
				TARGETED_DEVICE_FAMILY = "1,2";
			};
			name = Release;
		};
/* End XCBuildConfiguration section */

/* Begin XCConfigurationList section */
		433D263128D8AB8E00746B11 /* Build configuration list for PBXNativeTarget "PetFinderTests" */ = {
			isa = XCConfigurationList;
			buildConfigurations = (
				433D263228D8AB8E00746B11 /* Debug */,
				433D263328D8AB8E00746B11 /* Release */,
			);
			defaultConfigurationIsVisible = 0;
			defaultConfigurationName = Release;
		};
		4350360C28D8062D00BDE92E /* Build configuration list for PBXProject "PetFinder" */ = {
			isa = XCConfigurationList;
			buildConfigurations = (
				4350361D28D8062E00BDE92E /* Debug */,
				4350361E28D8062E00BDE92E /* Release */,
			);
			defaultConfigurationIsVisible = 0;
			defaultConfigurationName = Release;
		};
		4350361F28D8062E00BDE92E /* Build configuration list for PBXNativeTarget "PetFinder" */ = {
			isa = XCConfigurationList;
			buildConfigurations = (
				4350362028D8062E00BDE92E /* Debug */,
				4350362128D8062E00BDE92E /* Release */,
			);
			defaultConfigurationIsVisible = 0;
			defaultConfigurationName = Release;
		};
/* End XCConfigurationList section */
	};
	rootObject = 4350360928D8062D00BDE92E /* Project object */;
}
